
Microsoft Visual Studio Solution File, Format Version 12.00
# Visual Studio 2013
VisualStudioVersion = 12.0.40629.0
MinimumVisualStudioVersion = 10.0.40219.1
Project("{FAE04EC0-301F-11D3-BF4B-00C04F79EFBC}") = "Jenkins.Core", "Jenkins.Core\Jenkins.Core.csproj", "{0607D83D-200B-4553-8C80-FF10894AB02E}"
EndProject
Project("{FAE04EC0-301F-11D3-BF4B-00C04F79EFBC}") = "Jenkins.Core.Tests", "Jenkins.Core.Tests\Jenkins.Core.Tests.csproj", "{27B28905-1E91-4928-9E31-C97C247F7D55}"
EndProject
Project("{FAE04EC0-301F-11D3-BF4B-00C04F79EFBC}") = "Jenkins.Domain", "Jenkins.Domain\Jenkins.Domain.csproj", "{88E86325-2D1D-4A72-9931-4C44ED72720D}"
EndProject
Project("{FAE04EC0-301F-11D3-BF4B-00C04F79EFBC}") = "Jenkins.Domain.Tests", "Jenkins.Domain.Tests\Jenkins.Domain.Tests.csproj", "{F556156F-109B-4493-94AF-D304EB198F20}"
EndProject
Project("{FAE04EC0-301F-11D3-BF4B-00C04F79EFBC}") = "Jenkins.Notifier", "Jenkins.Notifier\Jenkins.Notifier.csproj", "{946CDF5B-A7F0-478C-965A-679F9CB34A2D}"
EndProject
Project("{FAE04EC0-301F-11D3-BF4B-00C04F79EFBC}") = "Jenkins.Notifier.Tests", "Jenkins.Notifier.Tests\Jenkins.Notifier.Tests.csproj", "{7FF93C5A-C6A7-4723-A5E3-8C9DC46C0ADE}"
EndProject
Project("{930C7802-8A8C-48F9-8165-68863BCCD9DD}") = "Jenkins.Notifier.Setup", "Jenkins.Notifier.Setup\Jenkins.Notifier.Setup.wixproj", "{358D318E-7C5B-4858-8107-0112A0EA6B7D}"
EndProject
Global
	GlobalSection(SolutionConfigurationPlatforms) = preSolution
		Debug|Any CPU = Debug|Any CPU
		Debug|Mixed Platforms = Debug|Mixed Platforms
		Debug|x86 = Debug|x86
		Release|Any CPU = Release|Any CPU
		Release|Mixed Platforms = Release|Mixed Platforms
		Release|x86 = Release|x86
	EndGlobalSection
	GlobalSection(ProjectConfigurationPlatforms) = postSolution
		{0607D83D-200B-4553-8C80-FF10894AB02E}.Debug|Any CPU.ActiveCfg = Debug|Any CPU
		{0607D83D-200B-4553-8C80-FF10894AB02E}.Debug|Any CPU.Build.0 = Debug|Any CPU
		{0607D83D-200B-4553-8C80-FF10894AB02E}.Debug|Mixed Platforms.ActiveCfg = Debug|Any CPU
		{0607D83D-200B-4553-8C80-FF10894AB02E}.Debug|Mixed Platforms.Build.0 = Debug|Any CPU
		{0607D83D-200B-4553-8C80-FF10894AB02E}.Debug|x86.ActiveCfg = Debug|Any CPU
		{0607D83D-200B-4553-8C80-FF10894AB02E}.Release|Any CPU.ActiveCfg = Release|Any CPU
		{0607D83D-200B-4553-8C80-FF10894AB02E}.Release|Any CPU.Build.0 = Release|Any CPU
		{0607D83D-200B-4553-8C80-FF10894AB02E}.Release|Mixed Platforms.ActiveCfg = Release|Any CPU
		{0607D83D-200B-4553-8C80-FF10894AB02E}.Release|Mixed Platforms.Build.0 = Release|Any CPU
		{0607D83D-200B-4553-8C80-FF10894AB02E}.Release|x86.ActiveCfg = Release|Any CPU
		{27B28905-1E91-4928-9E31-C97C247F7D55}.Debug|Any CPU.ActiveCfg = Debug|Any CPU
		{27B28905-1E91-4928-9E31-C97C247F7D55}.Debug|Any CPU.Build.0 = Debug|Any CPU
		{27B28905-1E91-4928-9E31-C97C247F7D55}.Debug|Mixed Platforms.ActiveCfg = Debug|Any CPU
		{27B28905-1E91-4928-9E31-C97C247F7D55}.Debug|Mixed Platforms.Build.0 = Debug|Any CPU
		{27B28905-1E91-4928-9E31-C97C247F7D55}.Debug|x86.ActiveCfg = Debug|Any CPU
		{27B28905-1E91-4928-9E31-C97C247F7D55}.Release|Any CPU.ActiveCfg = Release|Any CPU
		{27B28905-1E91-4928-9E31-C97C247F7D55}.Release|Any CPU.Build.0 = Release|Any CPU
		{27B28905-1E91-4928-9E31-C97C247F7D55}.Release|Mixed Platforms.ActiveCfg = Release|Any CPU
		{27B28905-1E91-4928-9E31-C97C247F7D55}.Release|Mixed Platforms.Build.0 = Release|Any CPU
		{27B28905-1E91-4928-9E31-C97C247F7D55}.Release|x86.ActiveCfg = Release|Any CPU
		{88E86325-2D1D-4A72-9931-4C44ED72720D}.Debug|Any CPU.ActiveCfg = Debug|Any CPU
		{88E86325-2D1D-4A72-9931-4C44ED72720D}.Debug|Any CPU.Build.0 = Debug|Any CPU
		{88E86325-2D1D-4A72-9931-4C44ED72720D}.Debug|Mixed Platforms.ActiveCfg = Debug|Any CPU
		{88E86325-2D1D-4A72-9931-4C44ED72720D}.Debug|Mixed Platforms.Build.0 = Debug|Any CPU
		{88E86325-2D1D-4A72-9931-4C44ED72720D}.Debug|x86.ActiveCfg = Debug|Any CPU
		{88E86325-2D1D-4A72-9931-4C44ED72720D}.Release|Any CPU.ActiveCfg = Release|Any CPU
		{88E86325-2D1D-4A72-9931-4C44ED72720D}.Release|Any CPU.Build.0 = Release|Any CPU
		{88E86325-2D1D-4A72-9931-4C44ED72720D}.Release|Mixed Platforms.ActiveCfg = Release|Any CPU
		{88E86325-2D1D-4A72-9931-4C44ED72720D}.Release|Mixed Platforms.Build.0 = Release|Any CPU
		{88E86325-2D1D-4A72-9931-4C44ED72720D}.Release|x86.ActiveCfg = Release|Any CPU
		{F556156F-109B-4493-94AF-D304EB198F20}.Debug|Any CPU.ActiveCfg = Debug|Any CPU
		{F556156F-109B-4493-94AF-D304EB198F20}.Debug|Any CPU.Build.0 = Debug|Any CPU
		{F556156F-109B-4493-94AF-D304EB198F20}.Debug|Mixed Platforms.ActiveCfg = Debug|Any CPU
		{F556156F-109B-4493-94AF-D304EB198F20}.Debug|Mixed Platforms.Build.0 = Debug|Any CPU
		{F556156F-109B-4493-94AF-D304EB198F20}.Debug|x86.ActiveCfg = Debug|Any CPU
		{F556156F-109B-4493-94AF-D304EB198F20}.Release|Any CPU.ActiveCfg = Release|Any CPU
		{F556156F-109B-4493-94AF-D304EB198F20}.Release|Any CPU.Build.0 = Release|Any CPU
		{F556156F-109B-4493-94AF-D304EB198F20}.Release|Mixed Platforms.ActiveCfg = Release|Any CPU
		{F556156F-109B-4493-94AF-D304EB198F20}.Release|Mixed Platforms.Build.0 = Release|Any CPU
		{F556156F-109B-4493-94AF-D304EB198F20}.Release|x86.ActiveCfg = Release|Any CPU
		{946CDF5B-A7F0-478C-965A-679F9CB34A2D}.Debug|Any CPU.ActiveCfg = Debug|Any CPU
		{946CDF5B-A7F0-478C-965A-679F9CB34A2D}.Debug|Any CPU.Build.0 = Debug|Any CPU
		{946CDF5B-A7F0-478C-965A-679F9CB34A2D}.Debug|Mixed Platforms.ActiveCfg = Debug|Any CPU
		{946CDF5B-A7F0-478C-965A-679F9CB34A2D}.Debug|Mixed Platforms.Build.0 = Debug|Any CPU
		{946CDF5B-A7F0-478C-965A-679F9CB34A2D}.Debug|x86.ActiveCfg = Debug|Any CPU
		{946CDF5B-A7F0-478C-965A-679F9CB34A2D}.Release|Any CPU.ActiveCfg = Release|Any CPU
		{946CDF5B-A7F0-478C-965A-679F9CB34A2D}.Release|Any CPU.Build.0 = Release|Any CPU
		{946CDF5B-A7F0-478C-965A-679F9CB34A2D}.Release|Mixed Platforms.ActiveCfg = Release|Any CPU
		{946CDF5B-A7F0-478C-965A-679F9CB34A2D}.Release|Mixed Platforms.Build.0 = Release|Any CPU
		{946CDF5B-A7F0-478C-965A-679F9CB34A2D}.Release|x86.ActiveCfg = Release|Any CPU
		{7FF93C5A-C6A7-4723-A5E3-8C9DC46C0ADE}.Debug|Any CPU.ActiveCfg = Debug|Any CPU
		{7FF93C5A-C6A7-4723-A5E3-8C9DC46C0ADE}.Debug|Any CPU.Build.0 = Debug|Any CPU
		{7FF93C5A-C6A7-4723-A5E3-8C9DC46C0ADE}.Debug|Mixed Platforms.ActiveCfg = Debug|Any CPU
		{7FF93C5A-C6A7-4723-A5E3-8C9DC46C0ADE}.Debug|Mixed Platforms.Build.0 = Debug|Any CPU
		{7FF93C5A-C6A7-4723-A5E3-8C9DC46C0ADE}.Debug|x86.ActiveCfg = Debug|Any CPU
		{7FF93C5A-C6A7-4723-A5E3-8C9DC46C0ADE}.Release|Any CPU.ActiveCfg = Release|Any CPU
		{7FF93C5A-C6A7-4723-A5E3-8C9DC46C0ADE}.Release|Any CPU.Build.0 = Release|Any CPU
		{7FF93C5A-C6A7-4723-A5E3-8C9DC46C0ADE}.Release|Mixed Platforms.ActiveCfg = Release|Any CPU
		{7FF93C5A-C6A7-4723-A5E3-8C9DC46C0ADE}.Release|Mixed Platforms.Build.0 = Release|Any CPU
		{7FF93C5A-C6A7-4723-A5E3-8C9DC46C0ADE}.Release|x86.ActiveCfg = Release|Any CPU
		{358D318E-7C5B-4858-8107-0112A0EA6B7D}.Debug|Any CPU.ActiveCfg = Debug|x86
		{358D318E-7C5B-4858-8107-0112A0EA6B7D}.Debug|Mixed Platforms.ActiveCfg = Debug|x86
		{358D318E-7C5B-4858-8107-0112A0EA6B7D}.Debug|Mixed Platforms.Build.0 = Debug|x86
		{358D318E-7C5B-4858-8107-0112A0EA6B7D}.Debug|x86.ActiveCfg = Debug|x86
		{358D318E-7C5B-4858-8107-0112A0EA6B7D}.Debug|x86.Build.0 = Debug|x86
		{358D318E-7C5B-4858-8107-0112A0EA6B7D}.Release|Any CPU.ActiveCfg = Release|x86
		{358D318E-7C5B-4858-8107-0112A0EA6B7D}.Release|Mixed Platforms.ActiveCfg = Release|x86
		{358D318E-7C5B-4858-8107-0112A0EA6B7D}.Release|Mixed Platforms.Build.0 = Release|x86
		{358D318E-7C5B-4858-8107-0112A0EA6B7D}.Release|x86.ActiveCfg = Release|x86
		{358D318E-7C5B-4858-8107-0112A0EA6B7D}.Release|x86.Build.0 = Release|x86
	EndGlobalSection
	GlobalSection(SolutionProperties) = preSolution
		HideSolutionNode = FALSE
	EndGlobalSection
EndGlobal
